
Microsoft Visual Studio Solution File, Format Version 12.00
# Visual Studio Version 16
VisualStudioVersion = 16.0.28621.142
MinimumVisualStudioVersion = 10.0.40219.1
Project("{FAE04EC0-301F-11D3-BF4B-00C04F79EFBC}") = "devstd.utils", "devstd.utils\devstd.utils.csproj", "{3282A156-3D94-435D-BD5F-C10BE45ED8CF}"
EndProject
Project("{2150E333-8FDC-42A3-9474-1A3956D46DE8}") = "Nrefactory", "Nrefactory", "{6D2EC55F-6E17-4781-8C4B-82504CF082EC}"
EndProject
Project("{2150E333-8FDC-42A3-9474-1A3956D46DE8}") = "Project", "Project", "{C728C50A-33E6-4172-B859-C1DB89493D0D}"
EndProject
Project("{FAE04EC0-301F-11D3-BF4B-00C04F79EFBC}") = "alproj", "dsproj\alproj.csproj", "{EF29C1C0-FC83-483E-9E44-2807B034F54E}"
EndProject
Project("{FAE04EC0-301F-11D3-BF4B-00C04F79EFBC}") = "CompilersLibraryAPI", "CompilersLibraryAPI\CompilersLibraryAPI.csproj", "{4FD0A62A-C4CD-462F-B851-F0C7937E64D8}"
EndProject
Project("{FAE04EC0-301F-11D3-BF4B-00C04F79EFBC}") = "Mono.Design", "Mono.Design\Mono.Design.csproj", "{53DB609E-CCAB-40F8-BA30-E98B9111627A}"
EndProject
Project("{FAE04EC0-301F-11D3-BF4B-00C04F79EFBC}") = "AL.CodeDomProvider", "AL.CodeDomProvider\AL.CodeDomProvider.csproj", "{3C494B34-7281-48B7-AFDD-4AA1C50CD554}"
EndProject
Project("{FAE04EC0-301F-11D3-BF4B-00C04F79EFBC}") = "ICSharpCode.NRefactory", "NREFACTORY\ICSharpCode.NRefactory\ICSharpCode.NRefactory.csproj", "{3B2A5653-EC97-4001-BB9B-D90F1AF2C371}"
EndProject
Project("{FAE04EC0-301F-11D3-BF4B-00C04F79EFBC}") = "ICSharpCode.NRefactory.Xml", "NREFACTORY\ICSharpCode.NRefactory.Xml\ICSharpCode.NRefactory.Xml.csproj", "{DC393B66-92ED-4CAD-AB25-CFEF23F3D7C6}"
EndProject
Project("{FAE04EC0-301F-11D3-BF4B-00C04F79EFBC}") = "ICSharpCode.NRefactory.IKVM", "NREFACTORY\ICSharpCode.NRefactory.IKVM\ICSharpCode.NRefactory.IKVM.csproj", "{A727169F-D94F-443F-B305-B057D7F3B420}"
EndProject
Project("{FAE04EC0-301F-11D3-BF4B-00C04F79EFBC}") = "ICSharpCode.NRefactory.AL", "NREFACTORY\ICSharpCode.NRefactory.AL\ICSharpCode.NRefactory.AL.csproj", "{53DCA265-3C3C-42F9-B647-F72BA678122B}"
EndProject
Project("{FAE04EC0-301F-11D3-BF4B-00C04F79EFBC}") = "ICSharpCode.NRefactory.CSharp", "NREFACTORY\ICSharpCode.NRefactory.CSharp\ICSharpCode.NRefactory.CSharp.csproj", "{22C92553-93F5-4B62-B20B-C52DE1B935D4}"
EndProject
Project("{FAE04EC0-301F-11D3-BF4B-00C04F79EFBC}") = "alfrmdesign", "dsfrmdesign\alfrmdesign.csproj", "{877224C3-F586-4754-83C0-F5F4E5E7D40A}"
EndProject
Project("{FAE04EC0-301F-11D3-BF4B-00C04F79EFBC}") = "devstd.host", "devstd.host\devstd.host.csproj", "{82F9E760-FBAC-4C74-A1F9-7DF376BB3CDF}"
EndProject
Project("{2150E333-8FDC-42A3-9474-1A3956D46DE8}") = "Editors", "Editors", "{65810803-AB6C-48C2-B184-A5F81F8BDC11}"
	ProjectSection(SolutionItems) = preProject
		..\DSPAWN\Bin\SYNTAX\Pawn-Mode.xshd = ..\DSPAWN\Bin\SYNTAX\Pawn-Mode.xshd
	EndProjectSection
EndProject
Project("{FAE04EC0-301F-11D3-BF4B-00C04F79EFBC}") = "ICSharpCode.AvalonEdit", "ICSharpCode.AvalonEdit\ICSharpCode.AvalonEdit.csproj", "{6C55B776-26D4-4DB3-A6AB-87E783B2F3D1}"
EndProject
Project("{FAE04EC0-301F-11D3-BF4B-00C04F79EFBC}") = "ICSharpCode.CodeCompletion", "ICSharpCode.CodeCompletion\ICSharpCode.CodeCompletion.csproj", "{82C28FBB-0408-466A-BE20-BD4A3CE76A75}"
EndProject
Project("{FAE04EC0-301F-11D3-BF4B-00C04F79EFBC}") = "ICSharpCode.NRefactory.Cecil", "NREFACTORY\ICSharpCode.NRefactory.Cecil\ICSharpCode.NRefactory.Cecil.csproj", "{2B8F4F83-C2B3-4E84-A27B-8DEE1BE0E006}"
EndProject
Project("{2150E333-8FDC-42A3-9474-1A3956D46DE8}") = "Debugger", "Debugger", "{71581594-39A1-4A6B-93DB-14C8EACCA60A}"
EndProject
Project("{FAE04EC0-301F-11D3-BF4B-00C04F79EFBC}") = "Debugger.Core", "Debugger\Debugger.Core\Debugger.Core.csproj", "{1D18D788-F7EE-4585-A23B-34DC8EC63CB8}"
EndProject
Project("{FAE04EC0-301F-11D3-BF4B-00C04F79EFBC}") = "Debugger.AL", "Debugger\Debugger.AL\Debugger.AL.csproj", "{895CF972-0807-4872-856A-01561C0CE9E0}"
EndProject
Project("{FAE04EC0-301F-11D3-BF4B-00C04F79EFBC}") = "CVP", "CVP\CVP.csproj", "{FA71FA88-101D-45A7-B191-F1E3BE924564}"
EndProject
Project("{FAE04EC0-301F-11D3-BF4B-00C04F79EFBC}") = "devstd", "devstd\devstd.csproj", "{5E0EABDA-F662-4876-989A-70BFC513B3EC}"
EndProject
Project("{FAE04EC0-301F-11D3-BF4B-00C04F79EFBC}") = "ConsoleApplication1", "..\DS15\ConsoleApplication1\ConsoleApplication1.csproj", "{4430DD57-874F-4F15-8598-CC53D3A69D7D}"
EndProject
Project("{FAE04EC0-301F-11D3-BF4B-00C04F79EFBC}") = "ICSharpCode.NRefactory.AL.Refactoring", "NREFACTORY\ICSharpCode.NRefactory.CSharp.Refactoring\ICSharpCode.NRefactory.AL.Refactoring.csproj", "{2A705FC6-1A9E-4941-9E47-254D79F2D9D5}"
EndProject
Project("{FAE04EC0-301F-11D3-BF4B-00C04F79EFBC}") = "ALRefactoring", "ALRefactoring\ALRefactoring.csproj", "{1DE3A549-E566-439E-970D-055D3B4A1793}"
EndProject
Project("{FAE04EC0-301F-11D3-BF4B-00C04F79EFBC}") = "devstd.lang", "devstd.lang\devstd.lang.csproj", "{88D080FD-D714-4779-BDCA-FEB30DE8A5BA}"
EndProject
Global
	GlobalSection(SolutionConfigurationPlatforms) = preSolution
		Debug|Any CPU = Debug|Any CPU
		Debug|x86 = Debug|x86
		net_4_5_Debug|Any CPU = net_4_5_Debug|Any CPU
		net_4_5_Debug|x86 = net_4_5_Debug|x86
		net_4_5_Release|Any CPU = net_4_5_Release|Any CPU
		net_4_5_Release|x86 = net_4_5_Release|x86
		Release|Any CPU = Release|Any CPU
		Release|x86 = Release|x86
	EndGlobalSection
	GlobalSection(ProjectConfigurationPlatforms) = postSolution
		{3282A156-3D94-435D-BD5F-C10BE45ED8CF}.Debug|Any CPU.ActiveCfg = Debug|Any CPU
		{3282A156-3D94-435D-BD5F-C10BE45ED8CF}.Debug|Any CPU.Build.0 = Debug|Any CPU
		{3282A156-3D94-435D-BD5F-C10BE45ED8CF}.Debug|x86.ActiveCfg = Debug|x86
		{3282A156-3D94-435D-BD5F-C10BE45ED8CF}.Debug|x86.Build.0 = Debug|x86
		{3282A156-3D94-435D-BD5F-C10BE45ED8CF}.net_4_5_Debug|Any CPU.ActiveCfg = Debug|Any CPU
		{3282A156-3D94-435D-BD5F-C10BE45ED8CF}.net_4_5_Debug|Any CPU.Build.0 = Debug|Any CPU
		{3282A156-3D94-435D-BD5F-C10BE45ED8CF}.net_4_5_Debug|x86.ActiveCfg = Debug|x86
		{3282A156-3D94-435D-BD5F-C10BE45ED8CF}.net_4_5_Debug|x86.Build.0 = Debug|x86
		{3282A156-3D94-435D-BD5F-C10BE45ED8CF}.net_4_5_Release|Any CPU.ActiveCfg = Release|Any CPU
		{3282A156-3D94-435D-BD5F-C10BE45ED8CF}.net_4_5_Release|Any CPU.Build.0 = Release|Any CPU
		{3282A156-3D94-435D-BD5F-C10BE45ED8CF}.net_4_5_Release|x86.ActiveCfg = Release|x86
		{3282A156-3D94-435D-BD5F-C10BE45ED8CF}.net_4_5_Release|x86.Build.0 = Release|x86
		{3282A156-3D94-435D-BD5F-C10BE45ED8CF}.Release|Any CPU.ActiveCfg = Release|Any CPU
		{3282A156-3D94-435D-BD5F-C10BE45ED8CF}.Release|Any CPU.Build.0 = Release|Any CPU
		{3282A156-3D94-435D-BD5F-C10BE45ED8CF}.Release|x86.ActiveCfg = Release|x86
		{3282A156-3D94-435D-BD5F-C10BE45ED8CF}.Release|x86.Build.0 = Release|x86
		{EF29C1C0-FC83-483E-9E44-2807B034F54E}.Debug|Any CPU.ActiveCfg = Debug|Any CPU
		{EF29C1C0-FC83-483E-9E44-2807B034F54E}.Debug|Any CPU.Build.0 = Debug|Any CPU
		{EF29C1C0-FC83-483E-9E44-2807B034F54E}.Debug|x86.ActiveCfg = Debug|x86
		{EF29C1C0-FC83-483E-9E44-2807B034F54E}.Debug|x86.Build.0 = Debug|x86
		{EF29C1C0-FC83-483E-9E44-2807B034F54E}.net_4_5_Debug|Any CPU.ActiveCfg = Debug|Any CPU
		{EF29C1C0-FC83-483E-9E44-2807B034F54E}.net_4_5_Debug|Any CPU.Build.0 = Debug|Any CPU
		{EF29C1C0-FC83-483E-9E44-2807B034F54E}.net_4_5_Debug|x86.ActiveCfg = Debug|x86
		{EF29C1C0-FC83-483E-9E44-2807B034F54E}.net_4_5_Debug|x86.Build.0 = Debug|x86
		{EF29C1C0-FC83-483E-9E44-2807B034F54E}.net_4_5_Release|Any CPU.ActiveCfg = Release|Any CPU
		{EF29C1C0-FC83-483E-9E44-2807B034F54E}.net_4_5_Release|Any CPU.Build.0 = Release|Any CPU
		{EF29C1C0-FC83-483E-9E44-2807B034F54E}.net_4_5_Release|x86.ActiveCfg = Release|x86
		{EF29C1C0-FC83-483E-9E44-2807B034F54E}.net_4_5_Release|x86.Build.0 = Release|x86
		{EF29C1C0-FC83-483E-9E44-2807B034F54E}.Release|Any CPU.ActiveCfg = Release|Any CPU
		{EF29C1C0-FC83-483E-9E44-2807B034F54E}.Release|Any CPU.Build.0 = Release|Any CPU
		{EF29C1C0-FC83-483E-9E44-2807B034F54E}.Release|x86.ActiveCfg = Release|x86
		{EF29C1C0-FC83-483E-9E44-2807B034F54E}.Release|x86.Build.0 = Release|x86
		{4FD0A62A-C4CD-462F-B851-F0C7937E64D8}.Debug|Any CPU.ActiveCfg = Debug|Any CPU
		{4FD0A62A-C4CD-462F-B851-F0C7937E64D8}.Debug|Any CPU.Build.0 = Debug|Any CPU
		{4FD0A62A-C4CD-462F-B851-F0C7937E64D8}.Debug|x86.ActiveCfg = Debug|x86
		{4FD0A62A-C4CD-462F-B851-F0C7937E64D8}.Debug|x86.Build.0 = Debug|x86
		{4FD0A62A-C4CD-462F-B851-F0C7937E64D8}.net_4_5_Debug|Any CPU.ActiveCfg = Debug|Any CPU
		{4FD0A62A-C4CD-462F-B851-F0C7937E64D8}.net_4_5_Debug|Any CPU.Build.0 = Debug|Any CPU
		{4FD0A62A-C4CD-462F-B851-F0C7937E64D8}.net_4_5_Debug|x86.ActiveCfg = Debug|x86
		{4FD0A62A-C4CD-462F-B851-F0C7937E64D8}.net_4_5_Debug|x86.Build.0 = Debug|x86
		{4FD0A62A-C4CD-462F-B851-F0C7937E64D8}.net_4_5_Release|Any CPU.ActiveCfg = Release|Any CPU
		{4FD0A62A-C4CD-462F-B851-F0C7937E64D8}.net_4_5_Release|Any CPU.Build.0 = Release|Any CPU
		{4FD0A62A-C4CD-462F-B851-F0C7937E64D8}.net_4_5_Release|x86.ActiveCfg = Release|x86
		{4FD0A62A-C4CD-462F-B851-F0C7937E64D8}.net_4_5_Release|x86.Build.0 = Release|x86
		{4FD0A62A-C4CD-462F-B851-F0C7937E64D8}.Release|Any CPU.ActiveCfg = Release|Any CPU
		{4FD0A62A-C4CD-462F-B851-F0C7937E64D8}.Release|Any CPU.Build.0 = Release|Any CPU
		{4FD0A62A-C4CD-462F-B851-F0C7937E64D8}.Release|x86.ActiveCfg = Release|x86
		{4FD0A62A-C4CD-462F-B851-F0C7937E64D8}.Release|x86.Build.0 = Release|x86
		{53DB609E-CCAB-40F8-BA30-E98B9111627A}.Debug|Any CPU.ActiveCfg = Debug|Any CPU
		{53DB609E-CCAB-40F8-BA30-E98B9111627A}.Debug|Any CPU.Build.0 = Debug|Any CPU
		{53DB609E-CCAB-40F8-BA30-E98B9111627A}.Debug|x86.ActiveCfg = Debug|x86
		{53DB609E-CCAB-40F8-BA30-E98B9111627A}.Debug|x86.Build.0 = Debug|x86
		{53DB609E-CCAB-40F8-BA30-E98B9111627A}.net_4_5_Debug|Any CPU.ActiveCfg = Debug|Any CPU
		{53DB609E-CCAB-40F8-BA30-E98B9111627A}.net_4_5_Debug|Any CPU.Build.0 = Debug|Any CPU
		{53DB609E-CCAB-40F8-BA30-E98B9111627A}.net_4_5_Debug|x86.ActiveCfg = Debug|x86
		{53DB609E-CCAB-40F8-BA30-E98B9111627A}.net_4_5_Debug|x86.Build.0 = Debug|x86
		{53DB609E-CCAB-40F8-BA30-E98B9111627A}.net_4_5_Release|Any CPU.ActiveCfg = Release|Any CPU
		{53DB609E-CCAB-40F8-BA30-E98B9111627A}.net_4_5_Release|Any CPU.Build.0 = Release|Any CPU
		{53DB609E-CCAB-40F8-BA30-E98B9111627A}.net_4_5_Release|x86.ActiveCfg = Release|x86
		{53DB609E-CCAB-40F8-BA30-E98B9111627A}.net_4_5_Release|x86.Build.0 = Release|x86
		{53DB609E-CCAB-40F8-BA30-E98B9111627A}.Release|Any CPU.ActiveCfg = Release|Any CPU
		{53DB609E-CCAB-40F8-BA30-E98B9111627A}.Release|Any CPU.Build.0 = Release|Any CPU
		{53DB609E-CCAB-40F8-BA30-E98B9111627A}.Release|x86.ActiveCfg = Release|x86
		{53DB609E-CCAB-40F8-BA30-E98B9111627A}.Release|x86.Build.0 = Release|x86
		{3C494B34-7281-48B7-AFDD-4AA1C50CD554}.Debug|Any CPU.ActiveCfg = Debug|Any CPU
		{3C494B34-7281-48B7-AFDD-4AA1C50CD554}.Debug|Any CPU.Build.0 = Debug|Any CPU
		{3C494B34-7281-48B7-AFDD-4AA1C50CD554}.Debug|x86.ActiveCfg = Debug|x86
		{3C494B34-7281-48B7-AFDD-4AA1C50CD554}.Debug|x86.Build.0 = Debug|x86
		{3C494B34-7281-48B7-AFDD-4AA1C50CD554}.net_4_5_Debug|Any CPU.ActiveCfg = Debug|Any CPU
		{3C494B34-7281-48B7-AFDD-4AA1C50CD554}.net_4_5_Debug|Any CPU.Build.0 = Debug|Any CPU
		{3C494B34-7281-48B7-AFDD-4AA1C50CD554}.net_4_5_Debug|x86.ActiveCfg = Debug|x86
		{3C494B34-7281-48B7-AFDD-4AA1C50CD554}.net_4_5_Debug|x86.Build.0 = Debug|x86
		{3C494B34-7281-48B7-AFDD-4AA1C50CD554}.net_4_5_Release|Any CPU.ActiveCfg = Release|Any CPU
		{3C494B34-7281-48B7-AFDD-4AA1C50CD554}.net_4_5_Release|Any CPU.Build.0 = Release|Any CPU
		{3C494B34-7281-48B7-AFDD-4AA1C50CD554}.net_4_5_Release|x86.ActiveCfg = Release|x86
		{3C494B34-7281-48B7-AFDD-4AA1C50CD554}.net_4_5_Release|x86.Build.0 = Release|x86
		{3C494B34-7281-48B7-AFDD-4AA1C50CD554}.Release|Any CPU.ActiveCfg = Release|Any CPU
		{3C494B34-7281-48B7-AFDD-4AA1C50CD554}.Release|Any CPU.Build.0 = Release|Any CPU
		{3C494B34-7281-48B7-AFDD-4AA1C50CD554}.Release|x86.ActiveCfg = Release|x86
		{3C494B34-7281-48B7-AFDD-4AA1C50CD554}.Release|x86.Build.0 = Release|x86
		{3B2A5653-EC97-4001-BB9B-D90F1AF2C371}.Debug|Any CPU.ActiveCfg = Debug|Any CPU
		{3B2A5653-EC97-4001-BB9B-D90F1AF2C371}.Debug|Any CPU.Build.0 = Debug|Any CPU
		{3B2A5653-EC97-4001-BB9B-D90F1AF2C371}.Debug|x86.ActiveCfg = Debug|x86
		{3B2A5653-EC97-4001-BB9B-D90F1AF2C371}.Debug|x86.Build.0 = Debug|x86
		{3B2A5653-EC97-4001-BB9B-D90F1AF2C371}.net_4_5_Debug|Any CPU.ActiveCfg = net_4_5_Debug|Any CPU
		{3B2A5653-EC97-4001-BB9B-D90F1AF2C371}.net_4_5_Debug|Any CPU.Build.0 = net_4_5_Debug|Any CPU
		{3B2A5653-EC97-4001-BB9B-D90F1AF2C371}.net_4_5_Debug|x86.ActiveCfg = net_4_5_Debug|x86
		{3B2A5653-EC97-4001-BB9B-D90F1AF2C371}.net_4_5_Debug|x86.Build.0 = net_4_5_Debug|x86
		{3B2A5653-EC97-4001-BB9B-D90F1AF2C371}.net_4_5_Release|Any CPU.ActiveCfg = net_4_5_Release|Any CPU
		{3B2A5653-EC97-4001-BB9B-D90F1AF2C371}.net_4_5_Release|Any CPU.Build.0 = net_4_5_Release|Any CPU
		{3B2A5653-EC97-4001-BB9B-D90F1AF2C371}.net_4_5_Release|x86.ActiveCfg = net_4_5_Release|x86
		{3B2A5653-EC97-4001-BB9B-D90F1AF2C371}.net_4_5_Release|x86.Build.0 = net_4_5_Release|x86
		{3B2A5653-EC97-4001-BB9B-D90F1AF2C371}.Release|Any CPU.ActiveCfg = Release|Any CPU
		{3B2A5653-EC97-4001-BB9B-D90F1AF2C371}.Release|Any CPU.Build.0 = Release|Any CPU
		{3B2A5653-EC97-4001-BB9B-D90F1AF2C371}.Release|x86.ActiveCfg = Release|x86
		{3B2A5653-EC97-4001-BB9B-D90F1AF2C371}.Release|x86.Build.0 = Release|x86
		{DC393B66-92ED-4CAD-AB25-CFEF23F3D7C6}.Debug|Any CPU.ActiveCfg = Debug|Any CPU
		{DC393B66-92ED-4CAD-AB25-CFEF23F3D7C6}.Debug|Any CPU.Build.0 = Debug|Any CPU
		{DC393B66-92ED-4CAD-AB25-CFEF23F3D7C6}.Debug|x86.ActiveCfg = Debug|x86
		{DC393B66-92ED-4CAD-AB25-CFEF23F3D7C6}.Debug|x86.Build.0 = Debug|x86
		{DC393B66-92ED-4CAD-AB25-CFEF23F3D7C6}.net_4_5_Debug|Any CPU.ActiveCfg = net_4_5_Debug|Any CPU
		{DC393B66-92ED-4CAD-AB25-CFEF23F3D7C6}.net_4_5_Debug|Any CPU.Build.0 = net_4_5_Debug|Any CPU
		{DC393B66-92ED-4CAD-AB25-CFEF23F3D7C6}.net_4_5_Debug|x86.ActiveCfg = net_4_5_Debug|x86
		{DC393B66-92ED-4CAD-AB25-CFEF23F3D7C6}.net_4_5_Debug|x86.Build.0 = net_4_5_Debug|x86
		{DC393B66-92ED-4CAD-AB25-CFEF23F3D7C6}.net_4_5_Release|Any CPU.ActiveCfg = net_4_5_Release|Any CPU
		{DC393B66-92ED-4CAD-AB25-CFEF23F3D7C6}.net_4_5_Release|Any CPU.Build.0 = net_4_5_Release|Any CPU
		{DC393B66-92ED-4CAD-AB25-CFEF23F3D7C6}.net_4_5_Release|x86.ActiveCfg = net_4_5_Release|x86
		{DC393B66-92ED-4CAD-AB25-CFEF23F3D7C6}.net_4_5_Release|x86.Build.0 = net_4_5_Release|x86
		{DC393B66-92ED-4CAD-AB25-CFEF23F3D7C6}.Release|Any CPU.ActiveCfg = Release|Any CPU
		{DC393B66-92ED-4CAD-AB25-CFEF23F3D7C6}.Release|Any CPU.Build.0 = Release|Any CPU
		{DC393B66-92ED-4CAD-AB25-CFEF23F3D7C6}.Release|x86.ActiveCfg = Release|x86
		{DC393B66-92ED-4CAD-AB25-CFEF23F3D7C6}.Release|x86.Build.0 = Release|x86
		{A727169F-D94F-443F-B305-B057D7F3B420}.Debug|Any CPU.ActiveCfg = Debug|Any CPU
		{A727169F-D94F-443F-B305-B057D7F3B420}.Debug|Any CPU.Build.0 = Debug|Any CPU
		{A727169F-D94F-443F-B305-B057D7F3B420}.Debug|x86.ActiveCfg = Debug|x86
		{A727169F-D94F-443F-B305-B057D7F3B420}.Debug|x86.Build.0 = Debug|x86
		{A727169F-D94F-443F-B305-B057D7F3B420}.net_4_5_Debug|Any CPU.ActiveCfg = net_4_5_Debug|Any CPU
		{A727169F-D94F-443F-B305-B057D7F3B420}.net_4_5_Debug|Any CPU.Build.0 = net_4_5_Debug|Any CPU
		{A727169F-D94F-443F-B305-B057D7F3B420}.net_4_5_Debug|x86.ActiveCfg = net_4_5_Debug|x86
		{A727169F-D94F-443F-B305-B057D7F3B420}.net_4_5_Debug|x86.Build.0 = net_4_5_Debug|x86
		{A727169F-D94F-443F-B305-B057D7F3B420}.net_4_5_Release|Any CPU.ActiveCfg = net_4_5_Release|Any CPU
		{A727169F-D94F-443F-B305-B057D7F3B420}.net_4_5_Release|Any CPU.Build.0 = net_4_5_Release|Any CPU
		{A727169F-D94F-443F-B305-B057D7F3B420}.net_4_5_Release|x86.ActiveCfg = net_4_5_Release|x86
		{A727169F-D94F-443F-B305-B057D7F3B420}.net_4_5_Release|x86.Build.0 = net_4_5_Release|x86
		{A727169F-D94F-443F-B305-B057D7F3B420}.Release|Any CPU.ActiveCfg = Release|Any CPU
		{A727169F-D94F-443F-B305-B057D7F3B420}.Release|Any CPU.Build.0 = Release|Any CPU
		{A727169F-D94F-443F-B305-B057D7F3B420}.Release|x86.ActiveCfg = Release|x86
		{A727169F-D94F-443F-B305-B057D7F3B420}.Release|x86.Build.0 = Release|x86
		{53DCA265-3C3C-42F9-B647-F72BA678122B}.Debug|Any CPU.ActiveCfg = Debug|Any CPU
		{53DCA265-3C3C-42F9-B647-F72BA678122B}.Debug|Any CPU.Build.0 = Debug|Any CPU
		{53DCA265-3C3C-42F9-B647-F72BA678122B}.Debug|x86.ActiveCfg = Debug|x86
		{53DCA265-3C3C-42F9-B647-F72BA678122B}.Debug|x86.Build.0 = Debug|x86
		{53DCA265-3C3C-42F9-B647-F72BA678122B}.net_4_5_Debug|Any CPU.ActiveCfg = net_4_5_Debug|Any CPU
		{53DCA265-3C3C-42F9-B647-F72BA678122B}.net_4_5_Debug|Any CPU.Build.0 = net_4_5_Debug|Any CPU
		{53DCA265-3C3C-42F9-B647-F72BA678122B}.net_4_5_Debug|x86.ActiveCfg = net_4_5_Debug|x86
		{53DCA265-3C3C-42F9-B647-F72BA678122B}.net_4_5_Debug|x86.Build.0 = net_4_5_Debug|x86
		{53DCA265-3C3C-42F9-B647-F72BA678122B}.net_4_5_Release|Any CPU.ActiveCfg = net_4_5_Release|Any CPU
		{53DCA265-3C3C-42F9-B647-F72BA678122B}.net_4_5_Release|Any CPU.Build.0 = net_4_5_Release|Any CPU
		{53DCA265-3C3C-42F9-B647-F72BA678122B}.net_4_5_Release|x86.ActiveCfg = net_4_5_Release|x86
		{53DCA265-3C3C-42F9-B647-F72BA678122B}.net_4_5_Release|x86.Build.0 = net_4_5_Release|x86
		{53DCA265-3C3C-42F9-B647-F72BA678122B}.Release|Any CPU.ActiveCfg = Release|Any CPU
		{53DCA265-3C3C-42F9-B647-F72BA678122B}.Release|Any CPU.Build.0 = Release|Any CPU
		{53DCA265-3C3C-42F9-B647-F72BA678122B}.Release|x86.ActiveCfg = Release|x86
		{53DCA265-3C3C-42F9-B647-F72BA678122B}.Release|x86.Build.0 = Release|x86
		{22C92553-93F5-4B62-B20B-C52DE1B935D4}.Debug|Any CPU.ActiveCfg = Debug|Any CPU
		{22C92553-93F5-4B62-B20B-C52DE1B935D4}.Debug|Any CPU.Build.0 = Debug|Any CPU
		{22C92553-93F5-4B62-B20B-C52DE1B935D4}.Debug|x86.ActiveCfg = Debug|x86
		{22C92553-93F5-4B62-B20B-C52DE1B935D4}.Debug|x86.Build.0 = Debug|x86
		{22C92553-93F5-4B62-B20B-C52DE1B935D4}.net_4_5_Debug|Any CPU.ActiveCfg = net_4_5_Debug|Any CPU
		{22C92553-93F5-4B62-B20B-C52DE1B935D4}.net_4_5_Debug|Any CPU.Build.0 = net_4_5_Debug|Any CPU
		{22C92553-93F5-4B62-B20B-C52DE1B935D4}.net_4_5_Debug|x86.ActiveCfg = net_4_5_Debug|x86
		{22C92553-93F5-4B62-B20B-C52DE1B935D4}.net_4_5_Debug|x86.Build.0 = net_4_5_Debug|x86
		{22C92553-93F5-4B62-B20B-C52DE1B935D4}.net_4_5_Release|Any CPU.ActiveCfg = net_4_5_Release|Any CPU
		{22C92553-93F5-4B62-B20B-C52DE1B935D4}.net_4_5_Release|Any CPU.Build.0 = net_4_5_Release|Any CPU
		{22C92553-93F5-4B62-B20B-C52DE1B935D4}.net_4_5_Release|x86.ActiveCfg = net_4_5_Release|x86
		{22C92553-93F5-4B62-B20B-C52DE1B935D4}.net_4_5_Release|x86.Build.0 = net_4_5_Release|x86
		{22C92553-93F5-4B62-B20B-C52DE1B935D4}.Release|Any CPU.ActiveCfg = Release|Any CPU
		{22C92553-93F5-4B62-B20B-C52DE1B935D4}.Release|Any CPU.Build.0 = Release|Any CPU
		{22C92553-93F5-4B62-B20B-C52DE1B935D4}.Release|x86.ActiveCfg = Release|x86
		{22C92553-93F5-4B62-B20B-C52DE1B935D4}.Release|x86.Build.0 = Release|x86
		{877224C3-F586-4754-83C0-F5F4E5E7D40A}.Debug|Any CPU.ActiveCfg = Debug|Any CPU
		{877224C3-F586-4754-83C0-F5F4E5E7D40A}.Debug|Any CPU.Build.0 = Debug|Any CPU
		{877224C3-F586-4754-83C0-F5F4E5E7D40A}.Debug|x86.ActiveCfg = Debug|x86
		{877224C3-F586-4754-83C0-F5F4E5E7D40A}.Debug|x86.Build.0 = Debug|x86
		{877224C3-F586-4754-83C0-F5F4E5E7D40A}.net_4_5_Debug|Any CPU.ActiveCfg = Debug|Any CPU
		{877224C3-F586-4754-83C0-F5F4E5E7D40A}.net_4_5_Debug|Any CPU.Build.0 = Debug|Any CPU
		{877224C3-F586-4754-83C0-F5F4E5E7D40A}.net_4_5_Debug|x86.ActiveCfg = Debug|x86
		{877224C3-F586-4754-83C0-F5F4E5E7D40A}.net_4_5_Debug|x86.Build.0 = Debug|x86
		{877224C3-F586-4754-83C0-F5F4E5E7D40A}.net_4_5_Release|Any CPU.ActiveCfg = Release|Any CPU
		{877224C3-F586-4754-83C0-F5F4E5E7D40A}.net_4_5_Release|Any CPU.Build.0 = Release|Any CPU
		{877224C3-F586-4754-83C0-F5F4E5E7D40A}.net_4_5_Release|x86.ActiveCfg = Release|x86
		{877224C3-F586-4754-83C0-F5F4E5E7D40A}.net_4_5_Release|x86.Build.0 = Release|x86
		{877224C3-F586-4754-83C0-F5F4E5E7D40A}.Release|Any CPU.ActiveCfg = Release|Any CPU
		{877224C3-F586-4754-83C0-F5F4E5E7D40A}.Release|Any CPU.Build.0 = Release|Any CPU
		{877224C3-F586-4754-83C0-F5F4E5E7D40A}.Release|x86.ActiveCfg = Release|x86
		{877224C3-F586-4754-83C0-F5F4E5E7D40A}.Release|x86.Build.0 = Release|x86
		{82F9E760-FBAC-4C74-A1F9-7DF376BB3CDF}.Debug|Any CPU.ActiveCfg = Debug|Any CPU
		{82F9E760-FBAC-4C74-A1F9-7DF376BB3CDF}.Debug|Any CPU.Build.0 = Debug|Any CPU
		{82F9E760-FBAC-4C74-A1F9-7DF376BB3CDF}.Debug|x86.ActiveCfg = Debug|x86
		{82F9E760-FBAC-4C74-A1F9-7DF376BB3CDF}.Debug|x86.Build.0 = Debug|x86
		{82F9E760-FBAC-4C74-A1F9-7DF376BB3CDF}.net_4_5_Debug|Any CPU.ActiveCfg = Debug|Any CPU
		{82F9E760-FBAC-4C74-A1F9-7DF376BB3CDF}.net_4_5_Debug|Any CPU.Build.0 = Debug|Any CPU
		{82F9E760-FBAC-4C74-A1F9-7DF376BB3CDF}.net_4_5_Debug|x86.ActiveCfg = Debug|x86
		{82F9E760-FBAC-4C74-A1F9-7DF376BB3CDF}.net_4_5_Debug|x86.Build.0 = Debug|x86
		{82F9E760-FBAC-4C74-A1F9-7DF376BB3CDF}.net_4_5_Release|Any CPU.ActiveCfg = Release|Any CPU
		{82F9E760-FBAC-4C74-A1F9-7DF376BB3CDF}.net_4_5_Release|Any CPU.Build.0 = Release|Any CPU
		{82F9E760-FBAC-4C74-A1F9-7DF376BB3CDF}.net_4_5_Release|x86.ActiveCfg = Release|x86
		{82F9E760-FBAC-4C74-A1F9-7DF376BB3CDF}.net_4_5_Release|x86.Build.0 = Release|x86
		{82F9E760-FBAC-4C74-A1F9-7DF376BB3CDF}.Release|Any CPU.ActiveCfg = Release|Any CPU
		{82F9E760-FBAC-4C74-A1F9-7DF376BB3CDF}.Release|Any CPU.Build.0 = Release|Any CPU
		{82F9E760-FBAC-4C74-A1F9-7DF376BB3CDF}.Release|x86.ActiveCfg = Release|x86
		{82F9E760-FBAC-4C74-A1F9-7DF376BB3CDF}.Release|x86.Build.0 = Release|x86
		{6C55B776-26D4-4DB3-A6AB-87E783B2F3D1}.Debug|Any CPU.ActiveCfg = Debug|Any CPU
		{6C55B776-26D4-4DB3-A6AB-87E783B2F3D1}.Debug|Any CPU.Build.0 = Debug|Any CPU
		{6C55B776-26D4-4DB3-A6AB-87E783B2F3D1}.Debug|x86.ActiveCfg = Debug|Any CPU
		{6C55B776-26D4-4DB3-A6AB-87E783B2F3D1}.net_4_5_Debug|Any CPU.ActiveCfg = Debug|Any CPU
		{6C55B776-26D4-4DB3-A6AB-87E783B2F3D1}.net_4_5_Debug|Any CPU.Build.0 = Debug|Any CPU
		{6C55B776-26D4-4DB3-A6AB-87E783B2F3D1}.net_4_5_Debug|x86.ActiveCfg = Debug|Any CPU
		{6C55B776-26D4-4DB3-A6AB-87E783B2F3D1}.net_4_5_Release|Any CPU.ActiveCfg = Release|Any CPU
		{6C55B776-26D4-4DB3-A6AB-87E783B2F3D1}.net_4_5_Release|Any CPU.Build.0 = Release|Any CPU
		{6C55B776-26D4-4DB3-A6AB-87E783B2F3D1}.net_4_5_Release|x86.ActiveCfg = Release|Any CPU
		{6C55B776-26D4-4DB3-A6AB-87E783B2F3D1}.Release|Any CPU.ActiveCfg = Release|Any CPU
		{6C55B776-26D4-4DB3-A6AB-87E783B2F3D1}.Release|Any CPU.Build.0 = Release|Any CPU
		{6C55B776-26D4-4DB3-A6AB-87E783B2F3D1}.Release|x86.ActiveCfg = Release|Any CPU
		{82C28FBB-0408-466A-BE20-BD4A3CE76A75}.Debug|Any CPU.ActiveCfg = Debug|Any CPU
		{82C28FBB-0408-466A-BE20-BD4A3CE76A75}.Debug|Any CPU.Build.0 = Debug|Any CPU
		{82C28FBB-0408-466A-BE20-BD4A3CE76A75}.Debug|x86.ActiveCfg = Debug|x86
		{82C28FBB-0408-466A-BE20-BD4A3CE76A75}.Debug|x86.Build.0 = Debug|x86
		{82C28FBB-0408-466A-BE20-BD4A3CE76A75}.net_4_5_Debug|Any CPU.ActiveCfg = Debug|Any CPU
		{82C28FBB-0408-466A-BE20-BD4A3CE76A75}.net_4_5_Debug|Any CPU.Build.0 = Debug|Any CPU
		{82C28FBB-0408-466A-BE20-BD4A3CE76A75}.net_4_5_Debug|x86.ActiveCfg = Debug|x86
		{82C28FBB-0408-466A-BE20-BD4A3CE76A75}.net_4_5_Debug|x86.Build.0 = Debug|x86
		{82C28FBB-0408-466A-BE20-BD4A3CE76A75}.net_4_5_Release|Any CPU.ActiveCfg = Release|Any CPU
		{82C28FBB-0408-466A-BE20-BD4A3CE76A75}.net_4_5_Release|Any CPU.Build.0 = Release|Any CPU
		{82C28FBB-0408-466A-BE20-BD4A3CE76A75}.net_4_5_Release|x86.ActiveCfg = Release|x86
		{82C28FBB-0408-466A-BE20-BD4A3CE76A75}.net_4_5_Release|x86.Build.0 = Release|x86
		{82C28FBB-0408-466A-BE20-BD4A3CE76A75}.Release|Any CPU.ActiveCfg = Release|Any CPU
		{82C28FBB-0408-466A-BE20-BD4A3CE76A75}.Release|Any CPU.Build.0 = Release|Any CPU
		{82C28FBB-0408-466A-BE20-BD4A3CE76A75}.Release|x86.ActiveCfg = Release|x86
		{82C28FBB-0408-466A-BE20-BD4A3CE76A75}.Release|x86.Build.0 = Release|x86
		{2B8F4F83-C2B3-4E84-A27B-8DEE1BE0E006}.Debug|Any CPU.ActiveCfg = Debug|Any CPU
		{2B8F4F83-C2B3-4E84-A27B-8DEE1BE0E006}.Debug|Any CPU.Build.0 = Debug|Any CPU
		{2B8F4F83-C2B3-4E84-A27B-8DEE1BE0E006}.Debug|x86.ActiveCfg = Debug|x86
		{2B8F4F83-C2B3-4E84-A27B-8DEE1BE0E006}.Debug|x86.Build.0 = Debug|x86
		{2B8F4F83-C2B3-4E84-A27B-8DEE1BE0E006}.net_4_5_Debug|Any CPU.ActiveCfg = net_4_5_Debug|Any CPU
		{2B8F4F83-C2B3-4E84-A27B-8DEE1BE0E006}.net_4_5_Debug|Any CPU.Build.0 = net_4_5_Debug|Any CPU
		{2B8F4F83-C2B3-4E84-A27B-8DEE1BE0E006}.net_4_5_Debug|x86.ActiveCfg = net_4_5_Debug|x86
		{2B8F4F83-C2B3-4E84-A27B-8DEE1BE0E006}.net_4_5_Debug|x86.Build.0 = net_4_5_Debug|x86
		{2B8F4F83-C2B3-4E84-A27B-8DEE1BE0E006}.net_4_5_Release|Any CPU.ActiveCfg = net_4_5_Release|Any CPU
		{2B8F4F83-C2B3-4E84-A27B-8DEE1BE0E006}.net_4_5_Release|Any CPU.Build.0 = net_4_5_Release|Any CPU
		{2B8F4F83-C2B3-4E84-A27B-8DEE1BE0E006}.net_4_5_Release|x86.ActiveCfg = net_4_5_Release|x86
		{2B8F4F83-C2B3-4E84-A27B-8DEE1BE0E006}.net_4_5_Release|x86.Build.0 = net_4_5_Release|x86
		{2B8F4F83-C2B3-4E84-A27B-8DEE1BE0E006}.Release|Any CPU.ActiveCfg = Release|Any CPU
		{2B8F4F83-C2B3-4E84-A27B-8DEE1BE0E006}.Release|Any CPU.Build.0 = Release|Any CPU
		{2B8F4F83-C2B3-4E84-A27B-8DEE1BE0E006}.Release|x86.ActiveCfg = Release|x86
		{2B8F4F83-C2B3-4E84-A27B-8DEE1BE0E006}.Release|x86.Build.0 = Release|x86
		{1D18D788-F7EE-4585-A23B-34DC8EC63CB8}.Debug|Any CPU.ActiveCfg = Debug|Any CPU
		{1D18D788-F7EE-4585-A23B-34DC8EC63CB8}.Debug|Any CPU.Build.0 = Debug|Any CPU
		{1D18D788-F7EE-4585-A23B-34DC8EC63CB8}.Debug|x86.ActiveCfg = Debug|x86
		{1D18D788-F7EE-4585-A23B-34DC8EC63CB8}.Debug|x86.Build.0 = Debug|x86
		{1D18D788-F7EE-4585-A23B-34DC8EC63CB8}.net_4_5_Debug|Any CPU.ActiveCfg = Debug|Any CPU
		{1D18D788-F7EE-4585-A23B-34DC8EC63CB8}.net_4_5_Debug|Any CPU.Build.0 = Debug|Any CPU
		{1D18D788-F7EE-4585-A23B-34DC8EC63CB8}.net_4_5_Debug|x86.ActiveCfg = Debug|x86
		{1D18D788-F7EE-4585-A23B-34DC8EC63CB8}.net_4_5_Debug|x86.Build.0 = Debug|x86
		{1D18D788-F7EE-4585-A23B-34DC8EC63CB8}.net_4_5_Release|Any CPU.ActiveCfg = Release|Any CPU
		{1D18D788-F7EE-4585-A23B-34DC8EC63CB8}.net_4_5_Release|Any CPU.Build.0 = Release|Any CPU
		{1D18D788-F7EE-4585-A23B-34DC8EC63CB8}.net_4_5_Release|x86.ActiveCfg = Release|x86
		{1D18D788-F7EE-4585-A23B-34DC8EC63CB8}.net_4_5_Release|x86.Build.0 = Release|x86
		{1D18D788-F7EE-4585-A23B-34DC8EC63CB8}.Release|Any CPU.ActiveCfg = Release|Any CPU
		{1D18D788-F7EE-4585-A23B-34DC8EC63CB8}.Release|Any CPU.Build.0 = Release|Any CPU
		{1D18D788-F7EE-4585-A23B-34DC8EC63CB8}.Release|x86.ActiveCfg = Release|x86
		{1D18D788-F7EE-4585-A23B-34DC8EC63CB8}.Release|x86.Build.0 = Release|x86
		{895CF972-0807-4872-856A-01561C0CE9E0}.Debug|Any CPU.ActiveCfg = Debug|Any CPU
		{895CF972-0807-4872-856A-01561C0CE9E0}.Debug|Any CPU.Build.0 = Debug|Any CPU
		{895CF972-0807-4872-856A-01561C0CE9E0}.Debug|x86.ActiveCfg = Debug|x86
		{895CF972-0807-4872-856A-01561C0CE9E0}.Debug|x86.Build.0 = Debug|x86
		{895CF972-0807-4872-856A-01561C0CE9E0}.net_4_5_Debug|Any CPU.ActiveCfg = Debug|Any CPU
		{895CF972-0807-4872-856A-01561C0CE9E0}.net_4_5_Debug|Any CPU.Build.0 = Debug|Any CPU
		{895CF972-0807-4872-856A-01561C0CE9E0}.net_4_5_Debug|x86.ActiveCfg = Debug|x86
		{895CF972-0807-4872-856A-01561C0CE9E0}.net_4_5_Debug|x86.Build.0 = Debug|x86
		{895CF972-0807-4872-856A-01561C0CE9E0}.net_4_5_Release|Any CPU.ActiveCfg = Release|Any CPU
		{895CF972-0807-4872-856A-01561C0CE9E0}.net_4_5_Release|Any CPU.Build.0 = Release|Any CPU
		{895CF972-0807-4872-856A-01561C0CE9E0}.net_4_5_Release|x86.ActiveCfg = Release|x86
		{895CF972-0807-4872-856A-01561C0CE9E0}.net_4_5_Release|x86.Build.0 = Release|x86
		{895CF972-0807-4872-856A-01561C0CE9E0}.Release|Any CPU.ActiveCfg = Release|Any CPU
		{895CF972-0807-4872-856A-01561C0CE9E0}.Release|Any CPU.Build.0 = Release|Any CPU
		{895CF972-0807-4872-856A-01561C0CE9E0}.Release|x86.ActiveCfg = Release|x86
		{895CF972-0807-4872-856A-01561C0CE9E0}.Release|x86.Build.0 = Release|x86
		{FA71FA88-101D-45A7-B191-F1E3BE924564}.Debug|Any CPU.ActiveCfg = Debug|Any CPU
		{FA71FA88-101D-45A7-B191-F1E3BE924564}.Debug|Any CPU.Build.0 = Debug|Any CPU
		{FA71FA88-101D-45A7-B191-F1E3BE924564}.Debug|x86.ActiveCfg = Debug|Any CPU
		{FA71FA88-101D-45A7-B191-F1E3BE924564}.net_4_5_Debug|Any CPU.ActiveCfg = Debug|Any CPU
		{FA71FA88-101D-45A7-B191-F1E3BE924564}.net_4_5_Debug|Any CPU.Build.0 = Debug|Any CPU
		{FA71FA88-101D-45A7-B191-F1E3BE924564}.net_4_5_Debug|x86.ActiveCfg = Debug|Any CPU
		{FA71FA88-101D-45A7-B191-F1E3BE924564}.net_4_5_Release|Any CPU.ActiveCfg = Release|Any CPU
		{FA71FA88-101D-45A7-B191-F1E3BE924564}.net_4_5_Release|Any CPU.Build.0 = Release|Any CPU
		{FA71FA88-101D-45A7-B191-F1E3BE924564}.net_4_5_Release|x86.ActiveCfg = Release|Any CPU
		{FA71FA88-101D-45A7-B191-F1E3BE924564}.Release|Any CPU.ActiveCfg = Release|Any CPU
		{FA71FA88-101D-45A7-B191-F1E3BE924564}.Release|Any CPU.Build.0 = Release|Any CPU
		{FA71FA88-101D-45A7-B191-F1E3BE924564}.Release|x86.ActiveCfg = Release|Any CPU
		{5E0EABDA-F662-4876-989A-70BFC513B3EC}.Debug|Any CPU.ActiveCfg = Debug|Any CPU
		{5E0EABDA-F662-4876-989A-70BFC513B3EC}.Debug|Any CPU.Build.0 = Debug|Any CPU
		{5E0EABDA-F662-4876-989A-70BFC513B3EC}.Debug|x86.ActiveCfg = Debug|Any CPU
		{5E0EABDA-F662-4876-989A-70BFC513B3EC}.net_4_5_Debug|Any CPU.ActiveCfg = Debug|Any CPU
		{5E0EABDA-F662-4876-989A-70BFC513B3EC}.net_4_5_Debug|Any CPU.Build.0 = Debug|Any CPU
		{5E0EABDA-F662-4876-989A-70BFC513B3EC}.net_4_5_Debug|x86.ActiveCfg = Debug|Any CPU
		{5E0EABDA-F662-4876-989A-70BFC513B3EC}.net_4_5_Release|Any CPU.ActiveCfg = Release|Any CPU
		{5E0EABDA-F662-4876-989A-70BFC513B3EC}.net_4_5_Release|Any CPU.Build.0 = Release|Any CPU
		{5E0EABDA-F662-4876-989A-70BFC513B3EC}.net_4_5_Release|x86.ActiveCfg = Release|Any CPU
		{5E0EABDA-F662-4876-989A-70BFC513B3EC}.Release|Any CPU.ActiveCfg = Release|Any CPU
		{5E0EABDA-F662-4876-989A-70BFC513B3EC}.Release|Any CPU.Build.0 = Release|Any CPU
		{5E0EABDA-F662-4876-989A-70BFC513B3EC}.Release|x86.ActiveCfg = Release|Any CPU
		{4430DD57-874F-4F15-8598-CC53D3A69D7D}.Debug|Any CPU.ActiveCfg = Debug|Any CPU
		{4430DD57-874F-4F15-8598-CC53D3A69D7D}.Debug|Any CPU.Build.0 = Debug|Any CPU
		{4430DD57-874F-4F15-8598-CC53D3A69D7D}.Debug|x86.ActiveCfg = Debug|Any CPU
		{4430DD57-874F-4F15-8598-CC53D3A69D7D}.net_4_5_Debug|Any CPU.ActiveCfg = Debug|Any CPU
		{4430DD57-874F-4F15-8598-CC53D3A69D7D}.net_4_5_Debug|Any CPU.Build.0 = Debug|Any CPU
		{4430DD57-874F-4F15-8598-CC53D3A69D7D}.net_4_5_Debug|x86.ActiveCfg = Debug|Any CPU
		{4430DD57-874F-4F15-8598-CC53D3A69D7D}.net_4_5_Release|Any CPU.ActiveCfg = Release|Any CPU
		{4430DD57-874F-4F15-8598-CC53D3A69D7D}.net_4_5_Release|Any CPU.Build.0 = Release|Any CPU
		{4430DD57-874F-4F15-8598-CC53D3A69D7D}.net_4_5_Release|x86.ActiveCfg = Release|Any CPU
		{4430DD57-874F-4F15-8598-CC53D3A69D7D}.Release|Any CPU.ActiveCfg = Release|Any CPU
		{4430DD57-874F-4F15-8598-CC53D3A69D7D}.Release|Any CPU.Build.0 = Release|Any CPU
		{4430DD57-874F-4F15-8598-CC53D3A69D7D}.Release|x86.ActiveCfg = Release|Any CPU
		{2A705FC6-1A9E-4941-9E47-254D79F2D9D5}.Debug|Any CPU.ActiveCfg = Debug|Any CPU
		{2A705FC6-1A9E-4941-9E47-254D79F2D9D5}.Debug|Any CPU.Build.0 = Debug|Any CPU
		{2A705FC6-1A9E-4941-9E47-254D79F2D9D5}.Debug|x86.ActiveCfg = Debug|Any CPU
		{2A705FC6-1A9E-4941-9E47-254D79F2D9D5}.net_4_5_Debug|Any CPU.ActiveCfg = net_4_5_Debug|Any CPU
		{2A705FC6-1A9E-4941-9E47-254D79F2D9D5}.net_4_5_Debug|Any CPU.Build.0 = net_4_5_Debug|Any CPU
		{2A705FC6-1A9E-4941-9E47-254D79F2D9D5}.net_4_5_Debug|x86.ActiveCfg = net_4_5_Debug|Any CPU
		{2A705FC6-1A9E-4941-9E47-254D79F2D9D5}.net_4_5_Release|Any CPU.ActiveCfg = net_4_5_Release|Any CPU
		{2A705FC6-1A9E-4941-9E47-254D79F2D9D5}.net_4_5_Release|Any CPU.Build.0 = net_4_5_Release|Any CPU
		{2A705FC6-1A9E-4941-9E47-254D79F2D9D5}.net_4_5_Release|x86.ActiveCfg = net_4_5_Release|Any CPU
		{2A705FC6-1A9E-4941-9E47-254D79F2D9D5}.Release|Any CPU.ActiveCfg = Release|Any CPU
		{2A705FC6-1A9E-4941-9E47-254D79F2D9D5}.Release|Any CPU.Build.0 = Release|Any CPU
		{2A705FC6-1A9E-4941-9E47-254D79F2D9D5}.Release|x86.ActiveCfg = Release|Any CPU
		{1DE3A549-E566-439E-970D-055D3B4A1793}.Debug|Any CPU.ActiveCfg = Debug|Any CPU
		{1DE3A549-E566-439E-970D-055D3B4A1793}.Debug|Any CPU.Build.0 = Debug|Any CPU
		{1DE3A549-E566-439E-970D-055D3B4A1793}.Debug|x86.ActiveCfg = Debug|Any CPU
		{1DE3A549-E566-439E-970D-055D3B4A1793}.net_4_5_Debug|Any CPU.ActiveCfg = Debug|Any CPU
		{1DE3A549-E566-439E-970D-055D3B4A1793}.net_4_5_Debug|Any CPU.Build.0 = Debug|Any CPU
		{1DE3A549-E566-439E-970D-055D3B4A1793}.net_4_5_Debug|x86.ActiveCfg = Debug|Any CPU
		{1DE3A549-E566-439E-970D-055D3B4A1793}.net_4_5_Release|Any CPU.ActiveCfg = Release|Any CPU
		{1DE3A549-E566-439E-970D-055D3B4A1793}.net_4_5_Release|Any CPU.Build.0 = Release|Any CPU
		{1DE3A549-E566-439E-970D-055D3B4A1793}.net_4_5_Release|x86.ActiveCfg = Release|Any CPU
		{1DE3A549-E566-439E-970D-055D3B4A1793}.Release|Any CPU.ActiveCfg = Release|Any CPU
		{1DE3A549-E566-439E-970D-055D3B4A1793}.Release|Any CPU.Build.0 = Release|Any CPU
		{1DE3A549-E566-439E-970D-055D3B4A1793}.Release|x86.ActiveCfg = Release|Any CPU
		{88D080FD-D714-4779-BDCA-FEB30DE8A5BA}.Debug|Any CPU.ActiveCfg = Debug|Any CPU
		{88D080FD-D714-4779-BDCA-FEB30DE8A5BA}.Debug|Any CPU.Build.0 = Debug|Any CPU
		{88D080FD-D714-4779-BDCA-FEB30DE8A5BA}.Debug|x86.ActiveCfg = Debug|Any CPU
		{88D080FD-D714-4779-BDCA-FEB30DE8A5BA}.net_4_5_Debug|Any CPU.ActiveCfg = Debug|Any CPU
		{88D080FD-D714-4779-BDCA-FEB30DE8A5BA}.net_4_5_Debug|Any CPU.Build.0 = Debug|Any CPU
		{88D080FD-D714-4779-BDCA-FEB30DE8A5BA}.net_4_5_Debug|x86.ActiveCfg = Debug|Any CPU
		{88D080FD-D714-4779-BDCA-FEB30DE8A5BA}.net_4_5_Release|Any CPU.ActiveCfg = Release|Any CPU
		{88D080FD-D714-4779-BDCA-FEB30DE8A5BA}.net_4_5_Release|Any CPU.Build.0 = Release|Any CPU
		{88D080FD-D714-4779-BDCA-FEB30DE8A5BA}.net_4_5_Release|x86.ActiveCfg = Release|Any CPU
		{88D080FD-D714-4779-BDCA-FEB30DE8A5BA}.Release|Any CPU.ActiveCfg = Release|Any CPU
		{88D080FD-D714-4779-BDCA-FEB30DE8A5BA}.Release|Any CPU.Build.0 = Release|Any CPU
		{88D080FD-D714-4779-BDCA-FEB30DE8A5BA}.Release|x86.ActiveCfg = Release|Any CPU
	EndGlobalSection
	GlobalSection(SolutionProperties) = preSolution
		HideSolutionNode = FALSE
	EndGlobalSection
	GlobalSection(NestedProjects) = preSolution
		{EF29C1C0-FC83-483E-9E44-2807B034F54E} = {C728C50A-33E6-4172-B859-C1DB89493D0D}
		{4FD0A62A-C4CD-462F-B851-F0C7937E64D8} = {C728C50A-33E6-4172-B859-C1DB89493D0D}
		{53DB609E-CCAB-40F8-BA30-E98B9111627A} = {C728C50A-33E6-4172-B859-C1DB89493D0D}
		{3C494B34-7281-48B7-AFDD-4AA1C50CD554} = {C728C50A-33E6-4172-B859-C1DB89493D0D}
		{3B2A5653-EC97-4001-BB9B-D90F1AF2C371} = {6D2EC55F-6E17-4781-8C4B-82504CF082EC}
		{DC393B66-92ED-4CAD-AB25-CFEF23F3D7C6} = {6D2EC55F-6E17-4781-8C4B-82504CF082EC}
		{A727169F-D94F-443F-B305-B057D7F3B420} = {6D2EC55F-6E17-4781-8C4B-82504CF082EC}
		{53DCA265-3C3C-42F9-B647-F72BA678122B} = {6D2EC55F-6E17-4781-8C4B-82504CF082EC}
		{22C92553-93F5-4B62-B20B-C52DE1B935D4} = {6D2EC55F-6E17-4781-8C4B-82504CF082EC}
		{877224C3-F586-4754-83C0-F5F4E5E7D40A} = {C728C50A-33E6-4172-B859-C1DB89493D0D}
		{82F9E760-FBAC-4C74-A1F9-7DF376BB3CDF} = {C728C50A-33E6-4172-B859-C1DB89493D0D}
		{6C55B776-26D4-4DB3-A6AB-87E783B2F3D1} = {65810803-AB6C-48C2-B184-A5F81F8BDC11}
		{82C28FBB-0408-466A-BE20-BD4A3CE76A75} = {65810803-AB6C-48C2-B184-A5F81F8BDC11}
		{2B8F4F83-C2B3-4E84-A27B-8DEE1BE0E006} = {6D2EC55F-6E17-4781-8C4B-82504CF082EC}
		{1D18D788-F7EE-4585-A23B-34DC8EC63CB8} = {71581594-39A1-4A6B-93DB-14C8EACCA60A}
		{895CF972-0807-4872-856A-01561C0CE9E0} = {71581594-39A1-4A6B-93DB-14C8EACCA60A}
		{2A705FC6-1A9E-4941-9E47-254D79F2D9D5} = {6D2EC55F-6E17-4781-8C4B-82504CF082EC}
		{1DE3A549-E566-439E-970D-055D3B4A1793} = {6D2EC55F-6E17-4781-8C4B-82504CF082EC}
		{88D080FD-D714-4779-BDCA-FEB30DE8A5BA} = {C728C50A-33E6-4172-B859-C1DB89493D0D}
	EndGlobalSection
	GlobalSection(ExtensibilityGlobals) = postSolution
		SolutionGuid = {E342D7E5-D75D-4D16-BF01-874DD56B29B7}
	EndGlobalSection
EndGlobal
